PODS:
  - RxCocoa (2.6.0):
    - RxSwift (~> 2.5)
  - RxDataSources (0.9):
    - RxCocoa (~> 2.2)
    - RxSwift (~> 2.2)
  - RxSwift (2.6.0)

DEPENDENCIES:
  - RxCocoa (from `https://github.com/ReactiveX/RxSwift.git`, branch `swift-3.0`)
  - RxDataSources (from `https://github.com/siuying/RxDataSources.git`, branch `swift-3.0`)
  - RxSwift (from `https://github.com/ReactiveX/RxSwift.git`, branch `swift-3.0`)

EXTERNAL SOURCES:
  RxCocoa:
    :branch: swift-3.0
    :git: https://github.com/ReactiveX/RxSwift.git
  RxDataSources:
    :branch: swift-3.0
    :git: https://github.com/siuying/RxDataSources.git
  RxSwift:
    :branch: swift-3.0
    :git: https://github.com/ReactiveX/RxSwift.git

CHECKOUT OPTIONS:
  RxCocoa:
    :commit: 58e427b045b4f2823581ce89e9082bb2de19f0a4
    :git: https://github.com/ReactiveX/RxSwift.git
  RxDataSources:
    :commit: 103c3f419e5896f7cc66c453075022befa41b176
    :git: https://github.com/siuying/RxDataSources.git
  RxSwift:
    :commit: 58e427b045b4f2823581ce89e9082bb2de19f0a4
    :git: https://github.com/ReactiveX/RxSwift.git

SPEC CHECKSUMS:
  RxCocoa: 89ab00d5753502520227940e3a0e0a0413683c6b
  RxDataSources: e169bba94a7be584df7c1e1487fa56edc8753ae6
  RxSwift: 77f3a0b15324baa7a1c9bfa9f199648a82424e26

PODFILE CHECKSUM: aa232a61b006eb7e7e664525c621b1b865f6bc87

COCOAPODS: 1.1.0.beta.1
