// !$*UTF8*$!
{
	archiveVersion = 1;
	classes = {
	};
	objectVersion = 46;
	objects = {

/* Begin PBXBuildFile section */
		543A50021D5642C40015E41D /* AppDelegate.swift in Sources */ = {isa = PBXBuildFile; fileRef = 543A50011D5642C40015E41D /* AppDelegate.swift */; };
		543A50041D5642C40015E41D /* ViewController.swift in Sources */ = {isa = PBXBuildFile; fileRef = 543A50031D5642C40015E41D /* ViewController.swift */; };
		543A50071D5642C40015E41D /* Main.storyboard in Resources */ = {isa = PBXBuildFile; fileRef = 543A50051D5642C40015E41D /* Main.storyboard */; };
		543A50091D5642C40015E41D /* Assets.xcassets in Resources */ = {isa = PBXBuildFile; fileRef = 543A50081D5642C40015E41D /* Assets.xcassets */; };
		543A500C1D5642C40015E41D /* LaunchScreen.storyboard in Resources */ = {isa = PBXBuildFile; fileRef = 543A500A1D5642C40015E41D /* LaunchScreen.storyboard */; };
		E99A5B0917BBF560B54F2ED8 /* Pods_RxDataSourcesExample.framework in Frameworks */ = {isa = PBXBuildFile; fileRef = 5871681ADF0DF3B829A0033A /* Pods_RxDataSourcesExample.framework */; };
/* End PBXBuildFile section */

/* Begin PBXFileReference section */
		543A4FFE1D5642C40015E41D /* RxDataSourcesExample.app */ = {isa = PBXFileReference; explicitFileType = wrapper.application; includeInIndex = 0; path = RxDataSourcesExample.app; sourceTree = BUILT_PRODUCTS_DIR; };
		543A50011D5642C40015E41D /* AppDelegate.swift */ = {isa = PBXFileReference; lastKnownFileType = sourcecode.swift; path = AppDelegate.swift; sourceTree = "<group>"; };
		543A50031D5642C40015E41D /* ViewController.swift */ = {isa = PBXFileReference; lastKnownFileType = sourcecode.swift; path = ViewController.swift; sourceTree = "<group>"; };
		543A50061D5642C40015E41D /* Base */ = {isa = PBXFileReference; lastKnownFileType = file.storyboard; name = Base; path = Base.lproj/Main.storyboard; sourceTree = "<group>"; };
		543A50081D5642C40015E41D /* Assets.xcassets */ = {isa = PBXFileReference; lastKnownFileType = folder.assetcatalog; path = Assets.xcassets; sourceTree = "<group>"; };
		543A500B1D5642C40015E41D /* Base */ = {isa = PBXFileReference; lastKnownFileType = file.storyboard; name = Base; path = Base.lproj/LaunchScreen.storyboard; sourceTree = "<group>"; };
		543A500D1D5642C40015E41D /* Info.plist */ = {isa = PBXFileReference; lastKnownFileType = text.plist.xml; path = Info.plist; sourceTree = "<group>"; };
		5871681ADF0DF3B829A0033A /* Pods_RxDataSourcesExample.framework */ = {isa = PBXFileReference; explicitFileType = wrapper.framework; includeInIndex = 0; path = Pods_RxDataSourcesExample.framework; sourceTree = BUILT_PRODUCTS_DIR; };
		6B5A03C601DAE871D685B85D /* Pods-RxDataSourcesExample.debug.xcconfig */ = {isa = PBXFileReference; includeInIndex = 1; lastKnownFileType = text.xcconfig; name = "Pods-RxDataSourcesExample.debug.xcconfig"; path = "Pods/Target Support Files/Pods-RxDataSourcesExample/Pods-RxDataSourcesExample.debug.xcconfig"; sourceTree = "<group>"; };
		E25AD0FB9B075C7C0F1B399C /* Pods-RxDataSourcesExample.release.xcconfig */ = {isa = PBXFileReference; includeInIndex = 1; lastKnownFileType = text.xcconfig; name = "Pods-RxDataSourcesExample.release.xcconfig"; path = "Pods/Target Support Files/Pods-RxDataSourcesExample/Pods-RxDataSourcesExample.release.xcconfig"; sourceTree = "<group>"; };
/* End PBXFileReference section */

/* Begin PBXFrameworksBuildPhase section */
		543A4FFB1D5642C40015E41D /* Frameworks */ = {
			isa = PBXFrameworksBuildPhase;
			buildActionMask = 2147483647;
			files = (
				E99A5B0917BBF560B54F2ED8 /* Pods_RxDataSourcesExample.framework in Frameworks */,
			);
			runOnlyForDeploymentPostprocessing = 0;
		};
/* End PBXFrameworksBuildPhase section */

/* Begin PBXGroup section */
		543A4FF51D5642C40015E41D = {
			isa = PBXGroup;
			children = (
				543A50001D5642C40015E41D /* RxDataSourcesExample */,
				543A4FFF1D5642C40015E41D /* Products */,
				8B74A8C7614EC4E1EC8119BA /* Pods */,
				DD23693770F9949536B8A7B6 /* Frameworks */,
			);
			sourceTree = "<group>";
		};
		543A4FFF1D5642C40015E41D /* Products */ = {
			isa = PBXGroup;
			children = (
				543A4FFE1D5642C40015E41D /* RxDataSourcesExample.app */,
			);
			name = Products;
			sourceTree = "<group>";
		};
		543A50001D5642C40015E41D /* RxDataSourcesExample */ = {
			isa = PBXGroup;
			children = (
				543A50011D5642C40015E41D /* AppDelegate.swift */,
				543A50031D5642C40015E41D /* ViewController.swift */,
				543A50051D5642C40015E41D /* Main.storyboard */,
				543A50081D5642C40015E41D /* Assets.xcassets */,
				543A500A1D5642C40015E41D /* LaunchScreen.storyboard */,
				543A500D1D5642C40015E41D /* Info.plist */,
			);
			path = RxDataSourcesExample;
			sourceTree = "<group>";
		};
		8B74A8C7614EC4E1EC8119BA /* Pods */ = {
			isa = PBXGroup;
			children = (
				6B5A03C601DAE871D685B85D /* Pods-RxDataSourcesExample.debug.xcconfig */,
				E25AD0FB9B075C7C0F1B399C /* Pods-RxDataSourcesExample.release.xcconfig */,
			);
			name = Pods;
			sourceTree = "<group>";
		};
		DD23693770F9949536B8A7B6 /* Frameworks */ = {
			isa = PBXGroup;
			children = (
				5871681ADF0DF3B829A0033A /* Pods_RxDataSourcesExample.framework */,
			);
			name = Frameworks;
			sourceTree = "<group>";
		};
/* End PBXGroup section */

/* Begin PBXNativeTarget section */
		543A4FFD1D5642C40015E41D /* RxDataSourcesExample */ = {
			isa = PBXNativeTarget;
			buildConfigurationList = 543A50101D5642C40015E41D /* Build configuration list for PBXNativeTarget "RxDataSourcesExample" */;
			buildPhases = (
				C468F39195ECE5AE1C5BC9B8 /* [CP] Check Pods Manifest.lock */,
				543A4FFA1D5642C40015E41D /* Sources */,
				543A4FFB1D5642C40015E41D /* Frameworks */,
				543A4FFC1D5642C40015E41D /* Resources */,
				584C450108E2BF8D5D382AB7 /* [CP] Embed Pods Frameworks */,
				09C9D551E3D4D31D85847851 /* [CP] Copy Pods Resources */,
			);
			buildRules = (
			);
			dependencies = (
			);
			name = RxDataSourcesExample;
			productName = RxDataSourcesExample;
			productReference = 543A4FFE1D5642C40015E41D /* RxDataSourcesExample.app */;
			productType = "com.apple.product-type.application";
		};
/* End PBXNativeTarget section */

/* Begin PBXProject section */
		543A4FF61D5642C40015E41D /* Project object */ = {
			isa = PBXProject;
			attributes = {
				LastSwiftUpdateCheck = 0800;
				LastUpgradeCheck = 0800;
				ORGANIZATIONNAME = "Time Based Technology Limited";
				TargetAttributes = {
					543A4FFD1D5642C40015E41D = {
						CreatedOnToolsVersion = 8.0;
						DevelopmentTeam = 5UAR78B6YU;
						ProvisioningStyle = Automatic;
					};
				};
			};
			buildConfigurationList = 543A4FF91D5642C40015E41D /* Build configuration list for PBXProject "RxDataSourcesExample" */;
			compatibilityVersion = "Xcode 3.2";
			developmentRegion = English;
			hasScannedForEncodings = 0;
			knownRegions = (
				en,
				Base,
			);
			mainGroup = 543A4FF51D5642C40015E41D;
			productRefGroup = 543A4FFF1D5642C40015E41D /* Products */;
			projectDirPath = "";
			projectRoot = "";
			targets = (
				543A4FFD1D5642C40015E41D /* RxDataSourcesExample */,
			);
		};
/* End PBXProject section */

/* Begin PBXResourcesBuildPhase section */
		543A4FFC1D5642C40015E41D /* Resources */ = {
			isa = PBXResourcesBuildPhase;
			buildActionMask = 2147483647;
			files = (
				543A500C1D5642C40015E41D /* LaunchScreen.storyboard in Resources */,
				543A50091D5642C40015E41D /* Assets.xcassets in Resources */,
				543A50071D5642C40015E41D /* Main.storyboard in Resources */,
			);
			runOnlyForDeploymentPostprocessing = 0;
		};
/* End PBXResourcesBuildPhase section */

/* Begin PBXShellScriptBuildPhase section */
		09C9D551E3D4D31D85847851 /* [CP] Copy Pods Resources */ = {
			isa = PBXShellScriptBuildPhase;
			buildActionMask = 2147483647;
			files = (
			);
			inputPaths = (
			);
			name = "[CP] Copy Pods Resources";
			outputPaths = (
			);
			runOnlyForDeploymentPostprocessing = 0;
			shellPath = /bin/sh;
			shellScript = "\"${SRCROOT}/Pods/Target Support Files/Pods-RxDataSourcesExample/Pods-RxDataSourcesExample-resources.sh\"\n";
			showEnvVarsInLog = 0;
		};
		584C450108E2BF8D5D382AB7 /* [CP] Embed Pods Frameworks */ = {
			isa = PBXShellScriptBuildPhase;
			buildActionMask = 2147483647;
			files = (
			);
			inputPaths = (
			);
			name = "[CP] Embed Pods Frameworks";
			outputPaths = (
			);
			runOnlyForDeploymentPostprocessing = 0;
			shellPath = /bin/sh;
			shellScript = "\"${SRCROOT}/Pods/Target Support Files/Pods-RxDataSourcesExample/Pods-RxDataSourcesExample-frameworks.sh\"\n";
			showEnvVarsInLog = 0;
		};
		C468F39195ECE5AE1C5BC9B8 /* [CP] Check Pods Manifest.lock */ = {
			isa = PBXShellScriptBuildPhase;
			buildActionMask = 2147483647;
			files = (
			);
			inputPaths = (
			);
			name = "[CP] Check Pods Manifest.lock";
			outputPaths = (
			);
			runOnlyForDeploymentPostprocessing = 0;
			shellPath = /bin/sh;
			shellScript = "diff \"${PODS_ROOT}/../Podfile.lock\" \"${PODS_ROOT}/Manifest.lock\" > /dev/null\nif [ $? != 0 ] ; then\n    # print error to STDERR\n    echo \"error: The sandbox is not in sync with the Podfile.lock. Run 'pod install' or update your CocoaPods installation.\" >&2\n    exit 1\nfi\n";
			showEnvVarsInLog = 0;
		};
/* End PBXShellScriptBuildPhase section */

/* Begin PBXSourcesBuildPhase section */
		543A4FFA1D5642C40015E41D /* Sources */ = {
			isa = PBXSourcesBuildPhase;
			buildActionMask = 2147483647;
			files = (
				543A50041D5642C40015E41D /* ViewController.swift in Sources */,
				543A50021D5642C40015E41D /* AppDelegate.swift in Sources */,
			);
			runOnlyForDeploymentPostprocessing = 0;
		};
/* End PBXSourcesBuildPhase section */

/* Begin PBXVariantGroup section */
		543A50051D5642C40015E41D /* Main.storyboard */ = {
			isa = PBXVariantGroup;
			children = (
				543A50061D5642C40015E41D /* Base */,
			);
			name = Main.storyboard;
			sourceTree = "<group>";
		};
		543A500A1D5642C40015E41D /* LaunchScreen.storyboard */ = {
			isa = PBXVariantGroup;
			children = (
				543A500B1D5642C40015E41D /* Base */,
			);
			name = LaunchScreen.storyboard;
			sourceTree = "<group>";
		};
/* End PBXVariantGroup section */

/* Begin XCBuildConfiguration section */
		543A500E1D5642C40015E41D /* Debug */ = {
			isa = XCBuildConfiguration;
			buildSettings = {
				ALWAYS_SEARCH_USER_PATHS = NO;
				CLANG_ANALYZER_NONNULL = YES;
				CLANG_CXX_LANGUAGE_STANDARD = "gnu++0x";
				CLANG_CXX_LIBRARY = "libc++";
				CLANG_ENABLE_MODULES = YES;
				CLANG_ENABLE_OBJC_ARC = YES;
				CLANG_WARN_BOOL_CONVERSION = YES;
				CLANG_WARN_CONSTANT_CONVERSION = YES;
				CLANG_WARN_DIRECT_OBJC_ISA_USAGE = YES_ERROR;
				CLANG_WARN_DOCUMENTATION_COMMENTS = YES;
				CLANG_WARN_EMPTY_BODY = YES;
				CLANG_WARN_ENUM_CONVERSION = YES;
				CLANG_WARN_INFINITE_RECURSION = YES;
				CLANG_WARN_INT_CONVERSION = YES;
				CLANG_WARN_OBJC_ROOT_CLASS = YES_ERROR;
				CLANG_WARN_SUSPICIOUS_MOVE = YES;
				CLANG_WARN_SUSPICIOUS_MOVES = YES;
				CLANG_WARN_UNREACHABLE_CODE = YES;
				CLANG_WARN__DUPLICATE_METHOD_MATCH = YES;
				"CODE_SIGN_IDENTITY[sdk=iphoneos*]" = "iPhone Developer";
				COPY_PHASE_STRIP = NO;
				DEBUG_INFORMATION_FORMAT = dwarf;
				ENABLE_STRICT_OBJC_MSGSEND = YES;
				ENABLE_TESTABILITY = YES;
				GCC_C_LANGUAGE_STANDARD = gnu99;
				GCC_DYNAMIC_NO_PIC = NO;
				GCC_NO_COMMON_BLOCKS = YES;
				GCC_OPTIMIZATION_LEVEL = 0;
				GCC_PREPROCESSOR_DEFINITIONS = (
					"DEBUG=1",
					"$(inherited)",
				);
				GCC_WARN_64_TO_32_BIT_CONVERSION = YES;
				GCC_WARN_ABOUT_RETURN_TYPE = YES_ERROR;
				GCC_WARN_UNDECLARED_SELECTOR = YES;
				GCC_WARN_UNINITIALIZED_AUTOS = YES_AGGRESSIVE;
				GCC_WARN_UNUSED_FUNCTION = YES;
				GCC_WARN_UNUSED_VARIABLE = YES;
				IPHONEOS_DEPLOYMENT_TARGET = 10.0;
				MTL_ENABLE_DEBUG_INFO = YES;
				ONLY_ACTIVE_ARCH = YES;
				SDKROOT = iphoneos;
				SWIFT_ACTIVE_COMPILATION_CONDITIONS = DEBUG;
				SWIFT_OPTIMIZATION_LEVEL = "-Onone";
				TARGETED_DEVICE_FAMILY = "1,2";
			};
			name = Debug;
		};
		543A500F1D5642C40015E41D /* Release */ = {
			isa = XCBuildConfiguration;
			buildSettings = {
				ALWAYS_SEARCH_USER_PATHS = NO;
				CLANG_ANALYZER_NONNULL = YES;
				CLANG_CXX_LANGUAGE_STANDARD = "gnu++0x";
				CLANG_CXX_LIBRARY = "libc++";
				CLANG_ENABLE_MODULES = YES;
				CLANG_ENABLE_OBJC_ARC = YES;
				CLANG_WARN_BOOL_CONVERSION = YES;
				CLANG_WARN_CONSTANT_CONVERSION = YES;
				CLANG_WARN_DIRECT_OBJC_ISA_USAGE = YES_ERROR;
				CLANG_WARN_DOCUMENTATION_COMMENTS = YES;
				CLANG_WARN_EMPTY_BODY = YES;
				CLANG_WARN_ENUM_CONVERSION = YES;
				CLANG_WARN_INFINITE_RECURSION = YES;
				CLANG_WARN_INT_CONVERSION = YES;
				CLANG_WARN_OBJC_ROOT_CLASS = YES_ERROR;
				CLANG_WARN_SUSPICIOUS_MOVE = YES;
				CLANG_WARN_SUSPICIOUS_MOVES = YES;
				CLANG_WARN_UNREACHABLE_CODE = YES;
				CLANG_WARN__DUPLICATE_METHOD_MATCH = YES;
				"CODE_SIGN_IDENTITY[sdk=iphoneos*]" = "iPhone Developer";
				COPY_PHASE_STRIP = NO;
				DEBUG_INFORMATION_FORMAT = "dwarf-with-dsym";
				ENABLE_NS_ASSERTIONS = NO;
				ENABLE_STRICT_OBJC_MSGSEND = YES;
				GCC_C_LANGUAGE_STANDARD = gnu99;
				GCC_NO_COMMON_BLOCKS = YES;
				GCC_WARN_64_TO_32_BIT_CONVERSION = YES;
				GCC_WARN_ABOUT_RETURN_TYPE = YES_ERROR;
				GCC_WARN_UNDECLARED_SELECTOR = YES;
				GCC_WARN_UNINITIALIZED_AUTOS = YES_AGGRESSIVE;
				GCC_WARN_UNUSED_FUNCTION = YES;
				GCC_WARN_UNUSED_VARIABLE = YES;
				IPHONEOS_DEPLOYMENT_TARGET = 10.0;
				MTL_ENABLE_DEBUG_INFO = NO;
				SDKROOT = iphoneos;
				SWIFT_OPTIMIZATION_LEVEL = "-Owholemodule";
				TARGETED_DEVICE_FAMILY = "1,2";
				VALIDATE_PRODUCT = YES;
			};
			name = Release;
		};
		543A50111D5642C40015E41D /* Debug */ = {
			isa = XCBuildConfiguration;
			baseConfigurationReference = 6B5A03C601DAE871D685B85D /* Pods-RxDataSourcesExample.debug.xcconfig */;
			buildSettings = {
				ALWAYS_EMBED_SWIFT_STANDARD_LIBRARIES = YES;
				ASSETCATALOG_COMPILER_APPICON_NAME = AppIcon;
				DEVELOPMENT_TEAM = 5UAR78B6YU;
				INFOPLIST_FILE = RxDataSourcesExample/Info.plist;
				LD_RUNPATH_SEARCH_PATHS = "$(inherited) @executable_path/Frameworks";
				PRODUCT_BUNDLE_IDENTIFIER = com.goodnotesapp.RxDataSourcesExample;
				PRODUCT_NAME = "$(TARGET_NAME)";
				SWIFT_VERSION = 3.0;
			};
			name = Debug;
		};
		543A50121D5642C40015E41D /* Release */ = {
			isa = XCBuildConfiguration;
			baseConfigurationReference = E25AD0FB9B075C7C0F1B399C /* Pods-RxDataSourcesExample.release.xcconfig */;
			buildSettings = {
				ALWAYS_EMBED_SWIFT_STANDARD_LIBRARIES = YES;
				ASSETCATALOG_COMPILER_APPICON_NAME = AppIcon;
				DEVELOPMENT_TEAM = 5UAR78B6YU;
				INFOPLIST_FILE = RxDataSourcesExample/Info.plist;
				LD_RUNPATH_SEARCH_PATHS = "$(inherited) @executable_path/Frameworks";
				PRODUCT_BUNDLE_IDENTIFIER = com.goodnotesapp.RxDataSourcesExample;
				PRODUCT_NAME = "$(TARGET_NAME)";
				SWIFT_VERSION = 3.0;
			};
			name = Release;
		};
/* End XCBuildConfiguration section */

/* Begin XCConfigurationList section */
		543A4FF91D5642C40015E41D /* Build configuration list for PBXProject "RxDataSourcesExample" */ = {
			isa = XCConfigurationList;
			buildConfigurations = (
				543A500E1D5642C40015E41D /* Debug */,
				543A500F1D5642C40015E41D /* Release */,
			);
			defaultConfigurationIsVisible = 0;
			defaultConfigurationName = Release;
		};
		543A50101D5642C40015E41D /* Build configuration list for PBXNativeTarget "RxDataSourcesExample" */ = {
			isa = XCConfigurationList;
			buildConfigurations = (
				543A50111D5642C40015E41D /* Debug */,
				543A50121D5642C40015E41D /* Release */,
			);
			defaultConfigurationIsVisible = 0;
			defaultConfigurationName = Release;
		};
/* End XCConfigurationList section */
	};
	rootObject = 543A4FF61D5642C40015E41D /* Project object */;
}
